
Microsoft Visual Studio Solution File, Format Version 12.00
# Visual Studio 14
VisualStudioVersion = 14.0.25420.1
MinimumVisualStudioVersion = 10.0.40219.1
Project("{FAE04EC0-301F-11D3-BF4B-00C04F79EFBC}") = "FetchNStore", "FetchNStore\FetchNStore.csproj", "{73D01669-162C-4A61-B0C0-C6E8279F3F64}"
EndProject
Project("{FAE04EC0-301F-11D3-BF4B-00C04F79EFBC}") = "FetchNStore.Tests", "FetchNStore.Tests\FetchNStore.Tests.csproj", "{45E3AD89-D1AB-4D2F-98FD-C887359BA63E}"
EndProject
Global
	GlobalSection(SolutionConfigurationPlatforms) = preSolution
		Debug|Any CPU = Debug|Any CPU
		Release|Any CPU = Release|Any CPU
	EndGlobalSection
	GlobalSection(ProjectConfigurationPlatforms) = postSolution
		{73D01669-162C-4A61-B0C0-C6E8279F3F64}.Debug|Any CPU.ActiveCfg = Debug|Any CPU
		{73D01669-162C-4A61-B0C0-C6E8279F3F64}.Debug|Any CPU.Build.0 = Debug|Any CPU
		{73D01669-162C-4A61-B0C0-C6E8279F3F64}.Release|Any CPU.ActiveCfg = Release|Any CPU
		{73D01669-162C-4A61-B0C0-C6E8279F3F64}.Release|Any CPU.Build.0 = Release|Any CPU
		{45E3AD89-D1AB-4D2F-98FD-C887359BA63E}.Debug|Any CPU.ActiveCfg = Debug|Any CPU
		{45E3AD89-D1AB-4D2F-98FD-C887359BA63E}.Debug|Any CPU.Build.0 = Debug|Any CPU
		{45E3AD89-D1AB-4D2F-98FD-C887359BA63E}.Release|Any CPU.ActiveCfg = Release|Any CPU
		{45E3AD89-D1AB-4D2F-98FD-C887359BA63E}.Release|Any CPU.Build.0 = Release|Any CPU
	EndGlobalSection
	GlobalSection(SolutionProperties) = preSolution
		HideSolutionNode = FALSE
	EndGlobalSection
EndGlobal
